{
  "object": {
    "pins": [
      {
        "package": "tibtop-model-core",
        "repositoryURL": "git@gitlab.com:vbkam/tibtop-model-core.git",
        "state": {
          "branch": "develop",
          "revision": "8d7607be2b596bcec546305a2f993fb765082ef2",
          "version": null
        }
      }
    ]
  },
  "version": 1
}
