{
  "object": {
    "pins": [
      {
        "package": "tibtop-model-core",
        "repositoryURL": "git@gitlab.com:vbkam/tibtop-model-core.git",
        "state": {
          "branch": null,
          "revision": "5a7a7ecb172614611b49abda1614e3987fe501c7",
          "version": "1.0.3"
        }
      }
    ]
  },
  "version": 1
}
